
Microsoft Visual Studio Solution File, Format Version 12.00
# Visual Studio 15
VisualStudioVersion = 15.0.27703.2047
MinimumVisualStudioVersion = 10.0.40219.1
Project("{2150E333-8FDC-42A3-9474-1A3956D46DE8}") = "4-Apps", "4-Apps", "{0BDB308C-EEE8-406E-840C-DB01B15D1CD5}"
EndProject
Project("{9A19103F-16F7-4668-BE54-9A1E7A4F7556}") = "YS.CMS.WebApp", "3-SRC\4-Apps\YS.CMS.WebApp\YS.CMS.WebApp.csproj", "{3ACF5370-ADD8-476B-AAEA-31B86AA856CD}"
EndProject
Project("{2150E333-8FDC-42A3-9474-1A3956D46DE8}") = "2-Services", "2-Services", "{9E03558A-56A0-4BB1-A1A8-D6DB3AB80F7A}"
EndProject
Project("{9A19103F-16F7-4668-BE54-9A1E7A4F7556}") = "YS.CMS.Api", "3-SRC\2-Services\YS.CMS.Api\YS.CMS.Api.csproj", "{0ECFC82B-E005-4CCE-952C-2F5CDBB7C339}"
EndProject
Project("{9A19103F-16F7-4668-BE54-9A1E7A4F7556}") = "YS.CMS.ApiAuthProvider", "3-SRC\2-Services\YS.CMS.ApiAuthProvider\YS.CMS.ApiAuthProvider.csproj", "{3A4B6668-8E08-4BBA-8905-7B3602ACF4C3}"
EndProject
Project("{2150E333-8FDC-42A3-9474-1A3956D46DE8}") = "0-Common", "0-Common", "{BA6007F0-3777-4CA7-8C61-B1317EFF7926}"
EndProject
Project("{2150E333-8FDC-42A3-9474-1A3956D46DE8}") = "1-Domain", "1-Domain", "{50BACD9F-8E3A-4213-8FF7-C6CDCE0144DE}"
EndProject
Project("{2150E333-8FDC-42A3-9474-1A3956D46DE8}") = "3-Infra", "3-Infra", "{20235241-B2AE-4B94-B2C7-A4C3DEFF95EE}"
EndProject
Project("{FAE04EC0-301F-11D3-BF4B-00C04F79EFBC}") = "YS.CMS.Entities", "3-SRC\1-Domain\YS.CMS.Entities\YS.CMS.Entities.csproj", "{96A06D65-1B00-48DA-BA72-2C3AC6EC6173}"
EndProject
Project("{FAE04EC0-301F-11D3-BF4B-00C04F79EFBC}") = "YS.CMS.Data", "3-SRC\3-Infra\YS.CMS.Data\YS.CMS.Data.csproj", "{D8FDCDEB-8244-4C3F-ABA2-1EF07435DECC}"
EndProject
Global
	GlobalSection(SolutionConfigurationPlatforms) = preSolution
		Debug|Any CPU = Debug|Any CPU
		Release|Any CPU = Release|Any CPU
	EndGlobalSection
	GlobalSection(ProjectConfigurationPlatforms) = postSolution
		{3ACF5370-ADD8-476B-AAEA-31B86AA856CD}.Debug|Any CPU.ActiveCfg = Debug|Any CPU
		{3ACF5370-ADD8-476B-AAEA-31B86AA856CD}.Debug|Any CPU.Build.0 = Debug|Any CPU
		{3ACF5370-ADD8-476B-AAEA-31B86AA856CD}.Release|Any CPU.ActiveCfg = Release|Any CPU
		{3ACF5370-ADD8-476B-AAEA-31B86AA856CD}.Release|Any CPU.Build.0 = Release|Any CPU
		{0ECFC82B-E005-4CCE-952C-2F5CDBB7C339}.Debug|Any CPU.ActiveCfg = Debug|Any CPU
		{0ECFC82B-E005-4CCE-952C-2F5CDBB7C339}.Debug|Any CPU.Build.0 = Debug|Any CPU
		{0ECFC82B-E005-4CCE-952C-2F5CDBB7C339}.Release|Any CPU.ActiveCfg = Release|Any CPU
		{0ECFC82B-E005-4CCE-952C-2F5CDBB7C339}.Release|Any CPU.Build.0 = Release|Any CPU
		{3A4B6668-8E08-4BBA-8905-7B3602ACF4C3}.Debug|Any CPU.ActiveCfg = Debug|Any CPU
		{3A4B6668-8E08-4BBA-8905-7B3602ACF4C3}.Debug|Any CPU.Build.0 = Debug|Any CPU
		{3A4B6668-8E08-4BBA-8905-7B3602ACF4C3}.Release|Any CPU.ActiveCfg = Release|Any CPU
		{3A4B6668-8E08-4BBA-8905-7B3602ACF4C3}.Release|Any CPU.Build.0 = Release|Any CPU
		{96A06D65-1B00-48DA-BA72-2C3AC6EC6173}.Debug|Any CPU.ActiveCfg = Debug|Any CPU
		{96A06D65-1B00-48DA-BA72-2C3AC6EC6173}.Debug|Any CPU.Build.0 = Debug|Any CPU
		{96A06D65-1B00-48DA-BA72-2C3AC6EC6173}.Release|Any CPU.ActiveCfg = Release|Any CPU
		{96A06D65-1B00-48DA-BA72-2C3AC6EC6173}.Release|Any CPU.Build.0 = Release|Any CPU
		{D8FDCDEB-8244-4C3F-ABA2-1EF07435DECC}.Debug|Any CPU.ActiveCfg = Debug|Any CPU
		{D8FDCDEB-8244-4C3F-ABA2-1EF07435DECC}.Debug|Any CPU.Build.0 = Debug|Any CPU
		{D8FDCDEB-8244-4C3F-ABA2-1EF07435DECC}.Release|Any CPU.ActiveCfg = Release|Any CPU
		{D8FDCDEB-8244-4C3F-ABA2-1EF07435DECC}.Release|Any CPU.Build.0 = Release|Any CPU
	EndGlobalSection
	GlobalSection(SolutionProperties) = preSolution
		HideSolutionNode = FALSE
	EndGlobalSection
	GlobalSection(NestedProjects) = preSolution
		{3ACF5370-ADD8-476B-AAEA-31B86AA856CD} = {0BDB308C-EEE8-406E-840C-DB01B15D1CD5}
		{0ECFC82B-E005-4CCE-952C-2F5CDBB7C339} = {9E03558A-56A0-4BB1-A1A8-D6DB3AB80F7A}
		{3A4B6668-8E08-4BBA-8905-7B3602ACF4C3} = {9E03558A-56A0-4BB1-A1A8-D6DB3AB80F7A}
		{96A06D65-1B00-48DA-BA72-2C3AC6EC6173} = {50BACD9F-8E3A-4213-8FF7-C6CDCE0144DE}
		{D8FDCDEB-8244-4C3F-ABA2-1EF07435DECC} = {20235241-B2AE-4B94-B2C7-A4C3DEFF95EE}
	EndGlobalSection
	GlobalSection(ExtensibilityGlobals) = postSolution
		SolutionGuid = {5D383006-611D-4FD2-B7C8-7808DB371705}
	EndGlobalSection
EndGlobal
